
Microsoft Visual Studio Solution File, Format Version 12.00
# Visual Studio Version 17
VisualStudioVersion = 17.6.33815.320
MinimumVisualStudioVersion = 10.0.40219.1
Project("{9A19103F-16F7-4668-BE54-9A1E7A4F7556}") = "QimiaSchool", "QimiaSchool\QimiaSchool.csproj", "{4B4B4306-6CF9-48DA-B0BD-2462738F7C5F}"
EndProject
Project("{9A19103F-16F7-4668-BE54-9A1E7A4F7556}") = "QimiaSchool.DataAccess", "QimiaSchool.DataAccess\QimiaSchool.DataAccess.csproj", "{1D0CCF50-ADE6-4D89-9D9C-40D8EF28E5B2}"
EndProject
Project("{9A19103F-16F7-4668-BE54-9A1E7A4F7556}") = "QimiaSchool.Business", "QimiaSchool.Business\QimiaSchool.Business.csproj", "{5200326E-0952-4261-98C1-10606AB6275A}"
EndProject
Project("{FAE04EC0-301F-11D3-BF4B-00C04F79EFBC}") = "QimiaSchool.Business.UnitTests", "QimiaSchool.Business.UnitTests\QimiaSchool.Business.UnitTests.csproj", "{E54A7F1B-ECC5-4EEC-AF96-7E59DA22C727}"
EndProject
Global
	GlobalSection(SolutionConfigurationPlatforms) = preSolution
		Debug|Any CPU = Debug|Any CPU
		Release|Any CPU = Release|Any CPU
	EndGlobalSection
	GlobalSection(ProjectConfigurationPlatforms) = postSolution
		{4B4B4306-6CF9-48DA-B0BD-2462738F7C5F}.Debug|Any CPU.ActiveCfg = Debug|Any CPU
		{4B4B4306-6CF9-48DA-B0BD-2462738F7C5F}.Debug|Any CPU.Build.0 = Debug|Any CPU
		{4B4B4306-6CF9-48DA-B0BD-2462738F7C5F}.Release|Any CPU.ActiveCfg = Release|Any CPU
		{4B4B4306-6CF9-48DA-B0BD-2462738F7C5F}.Release|Any CPU.Build.0 = Release|Any CPU
		{1D0CCF50-ADE6-4D89-9D9C-40D8EF28E5B2}.Debug|Any CPU.ActiveCfg = Debug|Any CPU
		{1D0CCF50-ADE6-4D89-9D9C-40D8EF28E5B2}.Debug|Any CPU.Build.0 = Debug|Any CPU
		{1D0CCF50-ADE6-4D89-9D9C-40D8EF28E5B2}.Release|Any CPU.ActiveCfg = Release|Any CPU
		{1D0CCF50-ADE6-4D89-9D9C-40D8EF28E5B2}.Release|Any CPU.Build.0 = Release|Any CPU
		{5200326E-0952-4261-98C1-10606AB6275A}.Debug|Any CPU.ActiveCfg = Debug|Any CPU
		{5200326E-0952-4261-98C1-10606AB6275A}.Debug|Any CPU.Build.0 = Debug|Any CPU
		{5200326E-0952-4261-98C1-10606AB6275A}.Release|Any CPU.ActiveCfg = Release|Any CPU
		{5200326E-0952-4261-98C1-10606AB6275A}.Release|Any CPU.Build.0 = Release|Any CPU
		{E54A7F1B-ECC5-4EEC-AF96-7E59DA22C727}.Debug|Any CPU.ActiveCfg = Debug|Any CPU
		{E54A7F1B-ECC5-4EEC-AF96-7E59DA22C727}.Debug|Any CPU.Build.0 = Debug|Any CPU
		{E54A7F1B-ECC5-4EEC-AF96-7E59DA22C727}.Release|Any CPU.ActiveCfg = Release|Any CPU
		{E54A7F1B-ECC5-4EEC-AF96-7E59DA22C727}.Release|Any CPU.Build.0 = Release|Any CPU
	EndGlobalSection
	GlobalSection(SolutionProperties) = preSolution
		HideSolutionNode = FALSE
	EndGlobalSection
	GlobalSection(ExtensibilityGlobals) = postSolution
		SolutionGuid = {9386DA63-8BC5-496F-9EB8-029C9DD4771C}
	EndGlobalSection
EndGlobal
